
Microsoft Visual Studio Solution File, Format Version 12.00
# Visual Studio Version 16
VisualStudioVersion = 25.0.1704.0
MinimumVisualStudioVersion = 10.0.40219.1
Project("{FAE04EC0-301F-11D3-BF4B-00C04F79EFBC}") = "firstmac", "firstmac\firstmac.csproj", "{7C8CE1DA-851A-46F9-AFC5-2A100BBBCCCD}"
EndProject
Global
	GlobalSection(SolutionConfigurationPlatforms) = preSolution
		Debug|Any CPU = Debug|Any CPU
		Release|Any CPU = Release|Any CPU
	EndGlobalSection
	GlobalSection(ProjectConfigurationPlatforms) = postSolution
		{7C8CE1DA-851A-46F9-AFC5-2A100BBBCCCD}.Debug|Any CPU.ActiveCfg = Debug|Any CPU
		{7C8CE1DA-851A-46F9-AFC5-2A100BBBCCCD}.Debug|Any CPU.Build.0 = Debug|Any CPU
		{7C8CE1DA-851A-46F9-AFC5-2A100BBBCCCD}.Release|Any CPU.ActiveCfg = Release|Any CPU
		{7C8CE1DA-851A-46F9-AFC5-2A100BBBCCCD}.Release|Any CPU.Build.0 = Release|Any CPU
	EndGlobalSection
	GlobalSection(SolutionProperties) = preSolution
		HideSolutionNode = FALSE
	EndGlobalSection
	GlobalSection(ExtensibilityGlobals) = postSolution
		SolutionGuid = {FFFF0099-053D-4CCE-8C81-C6DCAEB1595C}
	EndGlobalSection
EndGlobal
